{
  "lockfile_version": "1",
  "packages": {
    "go@latest": {
      "last_modified": "2024-07-07T16:08:25Z",
      "resolved": "github:NixOS/nixpkgs/ab82a9612aa45284d4adf69ee81871a389669a9e#go",
      "source": "devbox-search",
      "version": "1.22.5",
      "systems": {
        "aarch64-darwin": {
          "outputs": [
            {
              "name": "out",
              "path": "/nix/store/05saqcgidraqmn4z82prsp7rbj9hjmwm-go-1.22.5",
              "default": true
            }
          ],
          "store_path": "/nix/store/05saqcgidraqmn4z82prsp7rbj9hjmwm-go-1.22.5"
        },
        "aarch64-linux": {
          "outputs": [
            {
              "name": "out",
              "path": "/nix/store/b97bbxn6kpysysxb8nxn4k39ffxmp4p6-go-1.22.5",
              "default": true
            }
          ],
          "store_path": "/nix/store/b97bbxn6kpysysxb8nxn4k39ffxmp4p6-go-1.22.5"
        },
        "x86_64-darwin": {
          "outputs": [
            {
              "name": "out",
              "path": "/nix/store/gdyii59c48s4a8q6w584ccgm95qls3lh-go-1.22.5",
              "default": true
            }
          ],
          "store_path": "/nix/store/gdyii59c48s4a8q6w584ccgm95qls3lh-go-1.22.5"
        },
        "x86_64-linux": {
          "outputs": [
            {
              "name": "out",
              "path": "/nix/store/3v17dij8rvg7q99009swxg52995r7s22-go-1.22.5",
              "default": true
            }
          ],
          "store_path": "/nix/store/3v17dij8rvg7q99009swxg52995r7s22-go-1.22.5"
        }
      }
    },
    "gopls@latest": {
      "last_modified": "2024-07-07T16:08:25Z",
      "resolved": "github:NixOS/nixpkgs/ab82a9612aa45284d4adf69ee81871a389669a9e#gopls",
      "source": "devbox-search",
      "version": "0.16.1",
      "systems": {
        "aarch64-darwin": {
          "outputs": [
            {
              "name": "out",
              "path": "/nix/store/b0xw04qyra8zza42a6najw8ahkvm6ny1-gopls-0.16.1",
              "default": true
            }
          ],
          "store_path": "/nix/store/b0xw04qyra8zza42a6najw8ahkvm6ny1-gopls-0.16.1"
        },
        "aarch64-linux": {
          "outputs": [
            {
              "name": "out",
              "path": "/nix/store/bbrnp6x8ab4fvhymswara9kxd7mwi2m7-gopls-0.16.1",
              "default": true
            }
          ],
          "store_path": "/nix/store/bbrnp6x8ab4fvhymswara9kxd7mwi2m7-gopls-0.16.1"
        },
        "x86_64-darwin": {
          "outputs": [
            {
              "name": "out",
              "path": "/nix/store/9d4rinba418p7j6gd3g50b5dhvcz7vla-gopls-0.16.1",
              "default": true
            }
          ],
          "store_path": "/nix/store/9d4rinba418p7j6gd3g50b5dhvcz7vla-gopls-0.16.1"
        },
        "x86_64-linux": {
          "outputs": [
            {
              "name": "out",
              "path": "/nix/store/1hnpwxi7g6y44x7i04yb7ap4ibqvqm5m-gopls-0.16.1",
              "default": true
            }
          ],
          "store_path": "/nix/store/1hnpwxi7g6y44x7i04yb7ap4ibqvqm5m-gopls-0.16.1"
        }
      }
    }
  }
}
